
Microsoft Visual Studio Solution File, Format Version 12.00
# Visual Studio Version 17
VisualStudioVersion = 17.4.33403.182
MinimumVisualStudioVersion = 10.0.40219.1
Project("{FAE04EC0-301F-11D3-BF4B-00C04F79EFBC}") = "BlazorServerCoding", "BlazorServerCoding\BlazorServerCoding.csproj", "{8991E0F0-3933-4185-AA33-7F985A9C5B12}"
EndProject
Global
	GlobalSection(SolutionConfigurationPlatforms) = preSolution
		Debug|Any CPU = Debug|Any CPU
		Release|Any CPU = Release|Any CPU
	EndGlobalSection
	GlobalSection(ProjectConfigurationPlatforms) = postSolution
		{8991E0F0-3933-4185-AA33-7F985A9C5B12}.Debug|Any CPU.ActiveCfg = Debug|Any CPU
		{8991E0F0-3933-4185-AA33-7F985A9C5B12}.Debug|Any CPU.Build.0 = Debug|Any CPU
		{8991E0F0-3933-4185-AA33-7F985A9C5B12}.Release|Any CPU.ActiveCfg = Release|Any CPU
		{8991E0F0-3933-4185-AA33-7F985A9C5B12}.Release|Any CPU.Build.0 = Release|Any CPU
	EndGlobalSection
	GlobalSection(SolutionProperties) = preSolution
		HideSolutionNode = FALSE
	EndGlobalSection
	GlobalSection(ExtensibilityGlobals) = postSolution
		SolutionGuid = {016163F0-D573-4996-8E42-C3347B8724DB}
	EndGlobalSection
EndGlobal
